
Microsoft Visual Studio Solution File, Format Version 12.00
# Visual Studio 15
VisualStudioVersion = 15.0.27004.2002
MinimumVisualStudioVersion = 10.0.40219.1
Project("{9A19103F-16F7-4668-BE54-9A1E7A4F7556}") = "dotnet", "dotnet.csproj", "{4CB1F31D-F859-4A56-8FD4-346B0A832F6E}"
EndProject
Global
	GlobalSection(SolutionConfigurationPlatforms) = preSolution
		Debug|Any CPU = Debug|Any CPU
		Release|Any CPU = Release|Any CPU
	EndGlobalSection
	GlobalSection(ProjectConfigurationPlatforms) = postSolution
		{4CB1F31D-F859-4A56-8FD4-346B0A832F6E}.Debug|Any CPU.ActiveCfg = Debug|Any CPU
		{4CB1F31D-F859-4A56-8FD4-346B0A832F6E}.Debug|Any CPU.Build.0 = Debug|Any CPU
		{4CB1F31D-F859-4A56-8FD4-346B0A832F6E}.Release|Any CPU.ActiveCfg = Release|Any CPU
		{4CB1F31D-F859-4A56-8FD4-346B0A832F6E}.Release|Any CPU.Build.0 = Release|Any CPU
	EndGlobalSection
	GlobalSection(SolutionProperties) = preSolution
		HideSolutionNode = FALSE
	EndGlobalSection
	GlobalSection(ExtensibilityGlobals) = postSolution
		SolutionGuid = {8B809421-9C5F-4B64-94D9-C8564BE5402B}
	EndGlobalSection
EndGlobal
